
Microsoft Visual Studio Solution File, Format Version 12.00
# Visual Studio Version 16
VisualStudioVersion = 16.0.30907.101
MinimumVisualStudioVersion = 10.0.40219.1
Project("{9A19103F-16F7-4668-BE54-9A1E7A4F7556}") = "Main", "src\Main\Main.csproj", "{9422E595-8974-4B11-9859-FE4B35939AEF}"
EndProject
Project("{9A19103F-16F7-4668-BE54-9A1E7A4F7556}") = "LexParserLib", "src\LexParserLib\LexParserLib.csproj", "{B8AC9F41-0CF8-4DD4-A1AA-148BDFEA220B}"
EndProject
Project("{9A19103F-16F7-4668-BE54-9A1E7A4F7556}") = "ReferenceHandlerLib", "src\ReferenceHandlerLib\ReferenceHandlerLib.csproj", "{73F95FFD-D779-4BBE-833F-BD6971CA532C}"
EndProject
Project("{9A19103F-16F7-4668-BE54-9A1E7A4F7556}") = "TypeCheckerLib", "src\TypeCheckerLib\TypeCheckerLib.csproj", "{CA4C9E24-4B0B-4E36-83E4-D1BB26F00F28}"
EndProject
Project("{9A19103F-16F7-4668-BE54-9A1E7A4F7556}") = "InterpreterLib", "src\InterpreterLib\InterpreterLib.csproj", "{6604B964-256D-4C0A-B722-ED1EF1CF012A}"
EndProject
Project("{9A19103F-16F7-4668-BE54-9A1E7A4F7556}") = "FileGeneratorLib", "src\FileGeneratorLib\FileGeneratorLib.csproj", "{841F7BBA-550C-4701-B587-2E88FEE54907}"
EndProject
Project("{9A19103F-16F7-4668-BE54-9A1E7A4F7556}") = "ASTLib", "src\ASTLib\ASTLib.csproj", "{B588F089-3F78-4AA0-8E33-D29871918BF1}"
EndProject
Project("{2150E333-8FDC-42A3-9474-1A3956D46DE8}") = "UnitTests", "UnitTests", "{E7C70BD1-C46B-409E-894C-83407B9D15CA}"
EndProject
Project("{9A19103F-16F7-4668-BE54-9A1E7A4F7556}") = "Main.Tests", "Tests\UnitTesting\Main.Tests\Main.Tests.csproj", "{CBA06F41-5BC0-44B4-975D-F18247F09E2B}"
EndProject
Project("{9A19103F-16F7-4668-BE54-9A1E7A4F7556}") = "AST.Tests", "Tests\UnitTesting\ASTLib.Tests\AST.Tests.csproj", "{21F676F0-D2B3-42F4-BA18-5654C7936A53}"
EndProject
Project("{9A19103F-16F7-4668-BE54-9A1E7A4F7556}") = "FileGeneratorLib.Tests", "Tests\UnitTesting\FileGeneratorLib.Tests\FileGeneratorLib.Tests.csproj", "{C103C58C-174A-4947-9155-14C4588059B9}"
EndProject
Project("{9A19103F-16F7-4668-BE54-9A1E7A4F7556}") = "InterpreterLib.Tests", "Tests\UnitTesting\InterpreterLib.Tests\InterpreterLib.Tests.csproj", "{1CA1FA8A-67AC-4A06-A1BF-EB486B718344}"
EndProject
Project("{9A19103F-16F7-4668-BE54-9A1E7A4F7556}") = "LexParserLib.Tests", "Tests\UnitTesting\LexParserLib.Tests\LexParserLib.Tests.csproj", "{9206787A-905F-4FFD-8911-D8E4B992892D}"
EndProject
Project("{9A19103F-16F7-4668-BE54-9A1E7A4F7556}") = "ReferenceHandlerLib.Tests", "Tests\UnitTesting\ReferenceHandlerLib.Tests\ReferenceHandlerLib.Tests.csproj", "{37E1BC0C-25F8-4039-AFE6-9C6E9435F17F}"
EndProject
Project("{9A19103F-16F7-4668-BE54-9A1E7A4F7556}") = "TypeCheckerLib.Tests", "Tests\UnitTesting\TypeCheckerLib.Tests\TypeCheckerLib.Tests.csproj", "{AB713BDB-4D23-44AB-9823-3AA2985A4FD4}"
EndProject
Project("{9A19103F-16F7-4668-BE54-9A1E7A4F7556}") = "FileUtilities", "src\FileUtilities\FileUtilities.csproj", "{F2A43F26-DC09-4F17-8A0A-3F0630898CD7}"
EndProject
Project("{2150E333-8FDC-42A3-9474-1A3956D46DE8}") = "IntegrationTests", "IntegrationTests", "{84AD06F4-DBF9-48E4-8F07-E153E482AE99}"
EndProject
Project("{9A19103F-16F7-4668-BE54-9A1E7A4F7556}") = "SingleCompTypeCheckerLib.Tests", "Tests\IntegrationTesting\Single\SingleCompTypeCheckerLib.Tests\SingleCompTypeCheckerLib.Tests.csproj", "{3B692A45-8BCD-43C7-97F1-5203DAE7142E}"
EndProject
Project("{FAE04EC0-301F-11D3-BF4B-00C04F79EFBC}") = "SingleCompReferenceHandlerLib.Tests", "Tests\IntegrationTesting\Single\SingleCompReferenceHandlerLib.Tests\SingleCompReferenceHandlerLib.Tests.csproj", "{C203F178-21DF-423D-A84F-BE4158A56256}"
EndProject
Project("{9A19103F-16F7-4668-BE54-9A1E7A4F7556}") = "SingleCompIntepreterLib.Tests", "Tests\IntegrationTesting\Single\SingleCompIntepreterLib.Tests\SingleCompIntepreterLib.Tests.csproj", "{87C719CF-3961-4B26-9C40-2D345CB4F3D4}"
EndProject
Project("{9A19103F-16F7-4668-BE54-9A1E7A4F7556}") = "SingleCompGmlGeneratorLib.Tests", "Tests\IntegrationTesting\Single\SingleCompGmlGeneratorLib.Tests\SingleCompGmlGeneratorLib.Tests.csproj", "{6EF1E831-E2C2-4D58-8E02-DBB32766C97F}"
EndProject
Project("{9A19103F-16F7-4668-BE54-9A1E7A4F7556}") = "TypeCheckerAndIntepreter.Tests", "Tests\IntegrationTesting\Multiple\TypeCheckerAndIntepreter.Tests\TypeCheckerAndIntepreter.Tests.csproj", "{BE722365-4C35-4AAD-9CC5-6AFDA732CD38}"
EndProject
Project("{9A19103F-16F7-4668-BE54-9A1E7A4F7556}") = "ReferenceHandlerAndTypeChecker.Tests", "Tests\IntegrationTesting\Multiple\ReferenceHandlerAndTypeChecker.Tests\ReferenceHandlerAndTypeChecker.Tests.csproj", "{E675A25F-3A50-40E3-BACD-EDDC457D7C88}"
EndProject
Project("{9A19103F-16F7-4668-BE54-9A1E7A4F7556}") = "IntepreterAndGmlGenerator.Tests", "Tests\IntegrationTesting\Multiple\IntepreterAndGmlGenerator.Tests\IntepreterAndGmlGenerator.Tests.csproj", "{7A5C97FA-1CD6-4CEF-B480-C16EED05F488}"
EndProject
Project("{2150E333-8FDC-42A3-9474-1A3956D46DE8}") = "Single", "Single", "{04FB9FAD-CA17-45CF-8A3D-F1FC0FE89BD6}"
EndProject
Project("{2150E333-8FDC-42A3-9474-1A3956D46DE8}") = "Multiple", "Multiple", "{0DEAAF96-C5FE-4B6E-B116-4BA9FF364241}"
EndProject
Global
	GlobalSection(SolutionConfigurationPlatforms) = preSolution
		Debug|Any CPU = Debug|Any CPU
		Release|Any CPU = Release|Any CPU
	EndGlobalSection
	GlobalSection(ProjectConfigurationPlatforms) = postSolution
		{9422E595-8974-4B11-9859-FE4B35939AEF}.Debug|Any CPU.ActiveCfg = Debug|Any CPU
		{9422E595-8974-4B11-9859-FE4B35939AEF}.Debug|Any CPU.Build.0 = Debug|Any CPU
		{9422E595-8974-4B11-9859-FE4B35939AEF}.Release|Any CPU.ActiveCfg = Release|Any CPU
		{9422E595-8974-4B11-9859-FE4B35939AEF}.Release|Any CPU.Build.0 = Release|Any CPU
		{B8AC9F41-0CF8-4DD4-A1AA-148BDFEA220B}.Debug|Any CPU.ActiveCfg = Debug|Any CPU
		{B8AC9F41-0CF8-4DD4-A1AA-148BDFEA220B}.Debug|Any CPU.Build.0 = Debug|Any CPU
		{B8AC9F41-0CF8-4DD4-A1AA-148BDFEA220B}.Release|Any CPU.ActiveCfg = Release|Any CPU
		{B8AC9F41-0CF8-4DD4-A1AA-148BDFEA220B}.Release|Any CPU.Build.0 = Release|Any CPU
		{73F95FFD-D779-4BBE-833F-BD6971CA532C}.Debug|Any CPU.ActiveCfg = Debug|Any CPU
		{73F95FFD-D779-4BBE-833F-BD6971CA532C}.Debug|Any CPU.Build.0 = Debug|Any CPU
		{73F95FFD-D779-4BBE-833F-BD6971CA532C}.Release|Any CPU.ActiveCfg = Release|Any CPU
		{73F95FFD-D779-4BBE-833F-BD6971CA532C}.Release|Any CPU.Build.0 = Release|Any CPU
		{CA4C9E24-4B0B-4E36-83E4-D1BB26F00F28}.Debug|Any CPU.ActiveCfg = Debug|Any CPU
		{CA4C9E24-4B0B-4E36-83E4-D1BB26F00F28}.Debug|Any CPU.Build.0 = Debug|Any CPU
		{CA4C9E24-4B0B-4E36-83E4-D1BB26F00F28}.Release|Any CPU.ActiveCfg = Release|Any CPU
		{CA4C9E24-4B0B-4E36-83E4-D1BB26F00F28}.Release|Any CPU.Build.0 = Release|Any CPU
		{6604B964-256D-4C0A-B722-ED1EF1CF012A}.Debug|Any CPU.ActiveCfg = Debug|Any CPU
		{6604B964-256D-4C0A-B722-ED1EF1CF012A}.Debug|Any CPU.Build.0 = Debug|Any CPU
		{6604B964-256D-4C0A-B722-ED1EF1CF012A}.Release|Any CPU.ActiveCfg = Release|Any CPU
		{6604B964-256D-4C0A-B722-ED1EF1CF012A}.Release|Any CPU.Build.0 = Release|Any CPU
		{841F7BBA-550C-4701-B587-2E88FEE54907}.Debug|Any CPU.ActiveCfg = Debug|Any CPU
		{841F7BBA-550C-4701-B587-2E88FEE54907}.Debug|Any CPU.Build.0 = Debug|Any CPU
		{841F7BBA-550C-4701-B587-2E88FEE54907}.Release|Any CPU.ActiveCfg = Release|Any CPU
		{841F7BBA-550C-4701-B587-2E88FEE54907}.Release|Any CPU.Build.0 = Release|Any CPU
		{B588F089-3F78-4AA0-8E33-D29871918BF1}.Debug|Any CPU.ActiveCfg = Debug|Any CPU
		{B588F089-3F78-4AA0-8E33-D29871918BF1}.Debug|Any CPU.Build.0 = Debug|Any CPU
		{B588F089-3F78-4AA0-8E33-D29871918BF1}.Release|Any CPU.ActiveCfg = Release|Any CPU
		{B588F089-3F78-4AA0-8E33-D29871918BF1}.Release|Any CPU.Build.0 = Release|Any CPU
		{CBA06F41-5BC0-44B4-975D-F18247F09E2B}.Debug|Any CPU.ActiveCfg = Debug|Any CPU
		{CBA06F41-5BC0-44B4-975D-F18247F09E2B}.Debug|Any CPU.Build.0 = Debug|Any CPU
		{CBA06F41-5BC0-44B4-975D-F18247F09E2B}.Release|Any CPU.ActiveCfg = Release|Any CPU
		{21F676F0-D2B3-42F4-BA18-5654C7936A53}.Debug|Any CPU.ActiveCfg = Debug|Any CPU
		{21F676F0-D2B3-42F4-BA18-5654C7936A53}.Debug|Any CPU.Build.0 = Debug|Any CPU
		{21F676F0-D2B3-42F4-BA18-5654C7936A53}.Release|Any CPU.ActiveCfg = Release|Any CPU
		{C103C58C-174A-4947-9155-14C4588059B9}.Debug|Any CPU.ActiveCfg = Debug|Any CPU
		{C103C58C-174A-4947-9155-14C4588059B9}.Debug|Any CPU.Build.0 = Debug|Any CPU
		{C103C58C-174A-4947-9155-14C4588059B9}.Release|Any CPU.ActiveCfg = Release|Any CPU
		{1CA1FA8A-67AC-4A06-A1BF-EB486B718344}.Debug|Any CPU.ActiveCfg = Debug|Any CPU
		{1CA1FA8A-67AC-4A06-A1BF-EB486B718344}.Debug|Any CPU.Build.0 = Debug|Any CPU
		{1CA1FA8A-67AC-4A06-A1BF-EB486B718344}.Release|Any CPU.ActiveCfg = Release|Any CPU
		{9206787A-905F-4FFD-8911-D8E4B992892D}.Debug|Any CPU.ActiveCfg = Debug|Any CPU
		{9206787A-905F-4FFD-8911-D8E4B992892D}.Debug|Any CPU.Build.0 = Debug|Any CPU
		{9206787A-905F-4FFD-8911-D8E4B992892D}.Release|Any CPU.ActiveCfg = Release|Any CPU
		{37E1BC0C-25F8-4039-AFE6-9C6E9435F17F}.Debug|Any CPU.ActiveCfg = Debug|Any CPU
		{37E1BC0C-25F8-4039-AFE6-9C6E9435F17F}.Debug|Any CPU.Build.0 = Debug|Any CPU
		{37E1BC0C-25F8-4039-AFE6-9C6E9435F17F}.Release|Any CPU.ActiveCfg = Release|Any CPU
		{AB713BDB-4D23-44AB-9823-3AA2985A4FD4}.Debug|Any CPU.ActiveCfg = Debug|Any CPU
		{AB713BDB-4D23-44AB-9823-3AA2985A4FD4}.Debug|Any CPU.Build.0 = Debug|Any CPU
		{AB713BDB-4D23-44AB-9823-3AA2985A4FD4}.Release|Any CPU.ActiveCfg = Release|Any CPU
		{F2A43F26-DC09-4F17-8A0A-3F0630898CD7}.Debug|Any CPU.ActiveCfg = Debug|Any CPU
		{F2A43F26-DC09-4F17-8A0A-3F0630898CD7}.Debug|Any CPU.Build.0 = Debug|Any CPU
		{F2A43F26-DC09-4F17-8A0A-3F0630898CD7}.Release|Any CPU.ActiveCfg = Release|Any CPU
		{F2A43F26-DC09-4F17-8A0A-3F0630898CD7}.Release|Any CPU.Build.0 = Release|Any CPU
		{3B692A45-8BCD-43C7-97F1-5203DAE7142E}.Debug|Any CPU.ActiveCfg = Debug|Any CPU
		{3B692A45-8BCD-43C7-97F1-5203DAE7142E}.Debug|Any CPU.Build.0 = Debug|Any CPU
		{3B692A45-8BCD-43C7-97F1-5203DAE7142E}.Release|Any CPU.ActiveCfg = Release|Any CPU
		{3B692A45-8BCD-43C7-97F1-5203DAE7142E}.Release|Any CPU.Build.0 = Release|Any CPU
		{C203F178-21DF-423D-A84F-BE4158A56256}.Debug|Any CPU.ActiveCfg = Debug|Any CPU
		{C203F178-21DF-423D-A84F-BE4158A56256}.Debug|Any CPU.Build.0 = Debug|Any CPU
		{C203F178-21DF-423D-A84F-BE4158A56256}.Release|Any CPU.ActiveCfg = Release|Any CPU
		{C203F178-21DF-423D-A84F-BE4158A56256}.Release|Any CPU.Build.0 = Release|Any CPU
		{87C719CF-3961-4B26-9C40-2D345CB4F3D4}.Debug|Any CPU.ActiveCfg = Debug|Any CPU
		{87C719CF-3961-4B26-9C40-2D345CB4F3D4}.Debug|Any CPU.Build.0 = Debug|Any CPU
		{87C719CF-3961-4B26-9C40-2D345CB4F3D4}.Release|Any CPU.ActiveCfg = Release|Any CPU
		{87C719CF-3961-4B26-9C40-2D345CB4F3D4}.Release|Any CPU.Build.0 = Release|Any CPU
		{6EF1E831-E2C2-4D58-8E02-DBB32766C97F}.Debug|Any CPU.ActiveCfg = Debug|Any CPU
		{6EF1E831-E2C2-4D58-8E02-DBB32766C97F}.Debug|Any CPU.Build.0 = Debug|Any CPU
		{6EF1E831-E2C2-4D58-8E02-DBB32766C97F}.Release|Any CPU.ActiveCfg = Release|Any CPU
		{6EF1E831-E2C2-4D58-8E02-DBB32766C97F}.Release|Any CPU.Build.0 = Release|Any CPU
		{BE722365-4C35-4AAD-9CC5-6AFDA732CD38}.Debug|Any CPU.ActiveCfg = Debug|Any CPU
		{BE722365-4C35-4AAD-9CC5-6AFDA732CD38}.Debug|Any CPU.Build.0 = Debug|Any CPU
		{BE722365-4C35-4AAD-9CC5-6AFDA732CD38}.Release|Any CPU.ActiveCfg = Release|Any CPU
		{BE722365-4C35-4AAD-9CC5-6AFDA732CD38}.Release|Any CPU.Build.0 = Release|Any CPU
		{E675A25F-3A50-40E3-BACD-EDDC457D7C88}.Debug|Any CPU.ActiveCfg = Debug|Any CPU
		{E675A25F-3A50-40E3-BACD-EDDC457D7C88}.Debug|Any CPU.Build.0 = Debug|Any CPU
		{E675A25F-3A50-40E3-BACD-EDDC457D7C88}.Release|Any CPU.ActiveCfg = Release|Any CPU
		{E675A25F-3A50-40E3-BACD-EDDC457D7C88}.Release|Any CPU.Build.0 = Release|Any CPU
		{7A5C97FA-1CD6-4CEF-B480-C16EED05F488}.Debug|Any CPU.ActiveCfg = Debug|Any CPU
		{7A5C97FA-1CD6-4CEF-B480-C16EED05F488}.Debug|Any CPU.Build.0 = Debug|Any CPU
		{7A5C97FA-1CD6-4CEF-B480-C16EED05F488}.Release|Any CPU.ActiveCfg = Release|Any CPU
		{7A5C97FA-1CD6-4CEF-B480-C16EED05F488}.Release|Any CPU.Build.0 = Release|Any CPU
	EndGlobalSection
	GlobalSection(SolutionProperties) = preSolution
		HideSolutionNode = FALSE
	EndGlobalSection
	GlobalSection(NestedProjects) = preSolution
		{CBA06F41-5BC0-44B4-975D-F18247F09E2B} = {E7C70BD1-C46B-409E-894C-83407B9D15CA}
		{21F676F0-D2B3-42F4-BA18-5654C7936A53} = {E7C70BD1-C46B-409E-894C-83407B9D15CA}
		{C103C58C-174A-4947-9155-14C4588059B9} = {E7C70BD1-C46B-409E-894C-83407B9D15CA}
		{1CA1FA8A-67AC-4A06-A1BF-EB486B718344} = {E7C70BD1-C46B-409E-894C-83407B9D15CA}
		{9206787A-905F-4FFD-8911-D8E4B992892D} = {E7C70BD1-C46B-409E-894C-83407B9D15CA}
		{37E1BC0C-25F8-4039-AFE6-9C6E9435F17F} = {E7C70BD1-C46B-409E-894C-83407B9D15CA}
		{AB713BDB-4D23-44AB-9823-3AA2985A4FD4} = {E7C70BD1-C46B-409E-894C-83407B9D15CA}
		{3B692A45-8BCD-43C7-97F1-5203DAE7142E} = {04FB9FAD-CA17-45CF-8A3D-F1FC0FE89BD6}
		{C203F178-21DF-423D-A84F-BE4158A56256} = {04FB9FAD-CA17-45CF-8A3D-F1FC0FE89BD6}
		{87C719CF-3961-4B26-9C40-2D345CB4F3D4} = {04FB9FAD-CA17-45CF-8A3D-F1FC0FE89BD6}
		{6EF1E831-E2C2-4D58-8E02-DBB32766C97F} = {04FB9FAD-CA17-45CF-8A3D-F1FC0FE89BD6}
		{BE722365-4C35-4AAD-9CC5-6AFDA732CD38} = {0DEAAF96-C5FE-4B6E-B116-4BA9FF364241}
		{E675A25F-3A50-40E3-BACD-EDDC457D7C88} = {0DEAAF96-C5FE-4B6E-B116-4BA9FF364241}
		{7A5C97FA-1CD6-4CEF-B480-C16EED05F488} = {0DEAAF96-C5FE-4B6E-B116-4BA9FF364241}
		{04FB9FAD-CA17-45CF-8A3D-F1FC0FE89BD6} = {84AD06F4-DBF9-48E4-8F07-E153E482AE99}
		{0DEAAF96-C5FE-4B6E-B116-4BA9FF364241} = {84AD06F4-DBF9-48E4-8F07-E153E482AE99}
	EndGlobalSection
	GlobalSection(ExtensibilityGlobals) = postSolution
		SolutionGuid = {9F8C0B5A-BFD1-46A9-8DB7-16C62192E6D6}
	EndGlobalSection
EndGlobal
