
Microsoft Visual Studio Solution File, Format Version 12.00
# Visual Studio Version 16
VisualStudioVersion = 16.0.30907.101
MinimumVisualStudioVersion = 10.0.40219.1
Project("{9A19103F-16F7-4668-BE54-9A1E7A4F7556}") = "Main", "src\Main\Main.csproj", "{9422E595-8974-4B11-9859-FE4B35939AEF}"
EndProject
Project("{9A19103F-16F7-4668-BE54-9A1E7A4F7556}") = "LexParserLib", "src\LexParserLib\LexParserLib.csproj", "{B8AC9F41-0CF8-4DD4-A1AA-148BDFEA220B}"
EndProject
Project("{9A19103F-16F7-4668-BE54-9A1E7A4F7556}") = "ReferenceHandlerLib", "src\ReferenceHandlerLib\ReferenceHandlerLib.csproj", "{73F95FFD-D779-4BBE-833F-BD6971CA532C}"
EndProject
Project("{9A19103F-16F7-4668-BE54-9A1E7A4F7556}") = "TypeCheckerLib", "src\TypeCheckerLib\TypeCheckerLib.csproj", "{CA4C9E24-4B0B-4E36-83E4-D1BB26F00F28}"
EndProject
Project("{9A19103F-16F7-4668-BE54-9A1E7A4F7556}") = "InterpreterLib", "src\InterpreterLib\InterpreterLib.csproj", "{6604B964-256D-4C0A-B722-ED1EF1CF012A}"
EndProject
Project("{9A19103F-16F7-4668-BE54-9A1E7A4F7556}") = "FileGeneratorLib", "src\FileGeneratorLib\FileGeneratorLib.csproj", "{841F7BBA-550C-4701-B587-2E88FEE54907}"
EndProject
Project("{9A19103F-16F7-4668-BE54-9A1E7A4F7556}") = "ASTLib", "src\ASTLib\ASTLib.csproj", "{B588F089-3F78-4AA0-8E33-D29871918BF1}"
EndProject
Project("{2150E333-8FDC-42A3-9474-1A3956D46DE8}") = "UnitTests", "UnitTests", "{E7C70BD1-C46B-409E-894C-83407B9D15CA}"
EndProject
Project("{9A19103F-16F7-4668-BE54-9A1E7A4F7556}") = "Main.Tests", "Tests\Main.Tests\Main.Tests.csproj", "{CBA06F41-5BC0-44B4-975D-F18247F09E2B}"
EndProject
Project("{9A19103F-16F7-4668-BE54-9A1E7A4F7556}") = "AST.Tests", "Tests\ASTLib.Tests\AST.Tests.csproj", "{21F676F0-D2B3-42F4-BA18-5654C7936A53}"
EndProject
Project("{9A19103F-16F7-4668-BE54-9A1E7A4F7556}") = "FileGeneratorLib.Tests", "Tests\FileGeneratorLib.Tests\FileGeneratorLib.Tests.csproj", "{C103C58C-174A-4947-9155-14C4588059B9}"
EndProject
Project("{9A19103F-16F7-4668-BE54-9A1E7A4F7556}") = "InterpreterLib.Tests", "Tests\InterpreterLib.Tests\InterpreterLib.Tests.csproj", "{1CA1FA8A-67AC-4A06-A1BF-EB486B718344}"
EndProject
Project("{9A19103F-16F7-4668-BE54-9A1E7A4F7556}") = "LexParserLib.Tests", "Tests\LexParserLib.Tests\LexParserLib.Tests.csproj", "{9206787A-905F-4FFD-8911-D8E4B992892D}"
EndProject
Project("{9A19103F-16F7-4668-BE54-9A1E7A4F7556}") = "ReferenceHandlerLib.Tests", "Tests\ReferenceHandlerLib.Tests\ReferenceHandlerLib.Tests.csproj", "{37E1BC0C-25F8-4039-AFE6-9C6E9435F17F}"
EndProject
Project("{9A19103F-16F7-4668-BE54-9A1E7A4F7556}") = "TypeCheckerLib.Tests", "Tests\TypeCheckerLib.Tests\TypeCheckerLib.Tests.csproj", "{AB713BDB-4D23-44AB-9823-3AA2985A4FD4}"
EndProject
Global
	GlobalSection(SolutionConfigurationPlatforms) = preSolution
		Debug|Any CPU = Debug|Any CPU
		Release|Any CPU = Release|Any CPU
	EndGlobalSection
	GlobalSection(ProjectConfigurationPlatforms) = postSolution
		{9422E595-8974-4B11-9859-FE4B35939AEF}.Debug|Any CPU.ActiveCfg = Debug|Any CPU
		{9422E595-8974-4B11-9859-FE4B35939AEF}.Debug|Any CPU.Build.0 = Debug|Any CPU
		{9422E595-8974-4B11-9859-FE4B35939AEF}.Release|Any CPU.ActiveCfg = Release|Any CPU
		{9422E595-8974-4B11-9859-FE4B35939AEF}.Release|Any CPU.Build.0 = Release|Any CPU
		{B8AC9F41-0CF8-4DD4-A1AA-148BDFEA220B}.Debug|Any CPU.ActiveCfg = Debug|Any CPU
		{B8AC9F41-0CF8-4DD4-A1AA-148BDFEA220B}.Debug|Any CPU.Build.0 = Debug|Any CPU
		{B8AC9F41-0CF8-4DD4-A1AA-148BDFEA220B}.Release|Any CPU.ActiveCfg = Release|Any CPU
		{B8AC9F41-0CF8-4DD4-A1AA-148BDFEA220B}.Release|Any CPU.Build.0 = Release|Any CPU
		{73F95FFD-D779-4BBE-833F-BD6971CA532C}.Debug|Any CPU.ActiveCfg = Debug|Any CPU
		{73F95FFD-D779-4BBE-833F-BD6971CA532C}.Debug|Any CPU.Build.0 = Debug|Any CPU
		{73F95FFD-D779-4BBE-833F-BD6971CA532C}.Release|Any CPU.ActiveCfg = Release|Any CPU
		{73F95FFD-D779-4BBE-833F-BD6971CA532C}.Release|Any CPU.Build.0 = Release|Any CPU
		{CA4C9E24-4B0B-4E36-83E4-D1BB26F00F28}.Debug|Any CPU.ActiveCfg = Debug|Any CPU
		{CA4C9E24-4B0B-4E36-83E4-D1BB26F00F28}.Debug|Any CPU.Build.0 = Debug|Any CPU
		{CA4C9E24-4B0B-4E36-83E4-D1BB26F00F28}.Release|Any CPU.ActiveCfg = Release|Any CPU
		{CA4C9E24-4B0B-4E36-83E4-D1BB26F00F28}.Release|Any CPU.Build.0 = Release|Any CPU
		{6604B964-256D-4C0A-B722-ED1EF1CF012A}.Debug|Any CPU.ActiveCfg = Debug|Any CPU
		{6604B964-256D-4C0A-B722-ED1EF1CF012A}.Debug|Any CPU.Build.0 = Debug|Any CPU
		{6604B964-256D-4C0A-B722-ED1EF1CF012A}.Release|Any CPU.ActiveCfg = Release|Any CPU
		{6604B964-256D-4C0A-B722-ED1EF1CF012A}.Release|Any CPU.Build.0 = Release|Any CPU
		{841F7BBA-550C-4701-B587-2E88FEE54907}.Debug|Any CPU.ActiveCfg = Debug|Any CPU
		{841F7BBA-550C-4701-B587-2E88FEE54907}.Debug|Any CPU.Build.0 = Debug|Any CPU
		{841F7BBA-550C-4701-B587-2E88FEE54907}.Release|Any CPU.ActiveCfg = Release|Any CPU
		{841F7BBA-550C-4701-B587-2E88FEE54907}.Release|Any CPU.Build.0 = Release|Any CPU
		{B588F089-3F78-4AA0-8E33-D29871918BF1}.Debug|Any CPU.ActiveCfg = Debug|Any CPU
		{B588F089-3F78-4AA0-8E33-D29871918BF1}.Debug|Any CPU.Build.0 = Debug|Any CPU
		{B588F089-3F78-4AA0-8E33-D29871918BF1}.Release|Any CPU.ActiveCfg = Release|Any CPU
		{B588F089-3F78-4AA0-8E33-D29871918BF1}.Release|Any CPU.Build.0 = Release|Any CPU
		{CBA06F41-5BC0-44B4-975D-F18247F09E2B}.Debug|Any CPU.ActiveCfg = Debug|Any CPU
		{CBA06F41-5BC0-44B4-975D-F18247F09E2B}.Debug|Any CPU.Build.0 = Debug|Any CPU
		{CBA06F41-5BC0-44B4-975D-F18247F09E2B}.Release|Any CPU.ActiveCfg = Release|Any CPU
		{21F676F0-D2B3-42F4-BA18-5654C7936A53}.Debug|Any CPU.ActiveCfg = Debug|Any CPU
		{21F676F0-D2B3-42F4-BA18-5654C7936A53}.Debug|Any CPU.Build.0 = Debug|Any CPU
		{21F676F0-D2B3-42F4-BA18-5654C7936A53}.Release|Any CPU.ActiveCfg = Release|Any CPU
		{C103C58C-174A-4947-9155-14C4588059B9}.Debug|Any CPU.ActiveCfg = Debug|Any CPU
		{C103C58C-174A-4947-9155-14C4588059B9}.Debug|Any CPU.Build.0 = Debug|Any CPU
		{C103C58C-174A-4947-9155-14C4588059B9}.Release|Any CPU.ActiveCfg = Release|Any CPU
		{1CA1FA8A-67AC-4A06-A1BF-EB486B718344}.Debug|Any CPU.ActiveCfg = Debug|Any CPU
		{1CA1FA8A-67AC-4A06-A1BF-EB486B718344}.Debug|Any CPU.Build.0 = Debug|Any CPU
		{1CA1FA8A-67AC-4A06-A1BF-EB486B718344}.Release|Any CPU.ActiveCfg = Release|Any CPU
		{9206787A-905F-4FFD-8911-D8E4B992892D}.Debug|Any CPU.ActiveCfg = Debug|Any CPU
		{9206787A-905F-4FFD-8911-D8E4B992892D}.Debug|Any CPU.Build.0 = Debug|Any CPU
		{9206787A-905F-4FFD-8911-D8E4B992892D}.Release|Any CPU.ActiveCfg = Release|Any CPU
		{37E1BC0C-25F8-4039-AFE6-9C6E9435F17F}.Debug|Any CPU.ActiveCfg = Debug|Any CPU
		{37E1BC0C-25F8-4039-AFE6-9C6E9435F17F}.Debug|Any CPU.Build.0 = Debug|Any CPU
		{37E1BC0C-25F8-4039-AFE6-9C6E9435F17F}.Release|Any CPU.ActiveCfg = Release|Any CPU
		{AB713BDB-4D23-44AB-9823-3AA2985A4FD4}.Debug|Any CPU.ActiveCfg = Debug|Any CPU
		{AB713BDB-4D23-44AB-9823-3AA2985A4FD4}.Debug|Any CPU.Build.0 = Debug|Any CPU
		{AB713BDB-4D23-44AB-9823-3AA2985A4FD4}.Release|Any CPU.ActiveCfg = Release|Any CPU
	EndGlobalSection
	GlobalSection(SolutionProperties) = preSolution
		HideSolutionNode = FALSE
	EndGlobalSection
	GlobalSection(NestedProjects) = preSolution
		{CBA06F41-5BC0-44B4-975D-F18247F09E2B} = {E7C70BD1-C46B-409E-894C-83407B9D15CA}
		{21F676F0-D2B3-42F4-BA18-5654C7936A53} = {E7C70BD1-C46B-409E-894C-83407B9D15CA}
		{C103C58C-174A-4947-9155-14C4588059B9} = {E7C70BD1-C46B-409E-894C-83407B9D15CA}
		{1CA1FA8A-67AC-4A06-A1BF-EB486B718344} = {E7C70BD1-C46B-409E-894C-83407B9D15CA}
		{9206787A-905F-4FFD-8911-D8E4B992892D} = {E7C70BD1-C46B-409E-894C-83407B9D15CA}
		{37E1BC0C-25F8-4039-AFE6-9C6E9435F17F} = {E7C70BD1-C46B-409E-894C-83407B9D15CA}
		{AB713BDB-4D23-44AB-9823-3AA2985A4FD4} = {E7C70BD1-C46B-409E-894C-83407B9D15CA}
	EndGlobalSection
	GlobalSection(ExtensibilityGlobals) = postSolution
		SolutionGuid = {9F8C0B5A-BFD1-46A9-8DB7-16C62192E6D6}
	EndGlobalSection
EndGlobal
